
Microsoft Visual Studio Solution File, Format Version 12.00
# Visual Studio Version 17
VisualStudioVersion = 17.5.33530.505
MinimumVisualStudioVersion = 10.0.40219.1
Project("{FAE04EC0-301F-11D3-BF4B-00C04F79EFBC}") = "Magnemi.DeckOfCardsApp", "Magnemi.DeckOfCardsApp.csproj", "{9C7BB0B7-DCA4-4C12-A0FB-70A97DD56E6E}"
EndProject
Global
	GlobalSection(SolutionConfigurationPlatforms) = preSolution
		Debug|Any CPU = Debug|Any CPU
		Release|Any CPU = Release|Any CPU
	EndGlobalSection
	GlobalSection(ProjectConfigurationPlatforms) = postSolution
		{9C7BB0B7-DCA4-4C12-A0FB-70A97DD56E6E}.Debug|Any CPU.ActiveCfg = Debug|Any CPU
		{9C7BB0B7-DCA4-4C12-A0FB-70A97DD56E6E}.Debug|Any CPU.Build.0 = Debug|Any CPU
		{9C7BB0B7-DCA4-4C12-A0FB-70A97DD56E6E}.Release|Any CPU.ActiveCfg = Release|Any CPU
		{9C7BB0B7-DCA4-4C12-A0FB-70A97DD56E6E}.Release|Any CPU.Build.0 = Release|Any CPU
	EndGlobalSection
	GlobalSection(SolutionProperties) = preSolution
		HideSolutionNode = FALSE
	EndGlobalSection
	GlobalSection(ExtensibilityGlobals) = postSolution
		SolutionGuid = {5EA6B121-8115-4C97-9585-09E55C8711E4}
	EndGlobalSection
EndGlobal
